
Microsoft Visual Studio Solution File, Format Version 12.00
# Visual Studio Version 16
VisualStudioVersion = 16.0.30114.105
MinimumVisualStudioVersion = 10.0.40219.1
Project("{9A19103F-16F7-4668-BE54-9A1E7A4F7556}") = "ScrumPokerClub.App", "ScrumPokerClub.App\ScrumPokerClub.App.csproj", "{CCB0BDBB-A13A-4DB2-A878-C74B6A3462A9}"
EndProject
Project("{FAE04EC0-301F-11D3-BF4B-00C04F79EFBC}") = "ScrumPokerClub.Core", "ScrumPokerClub.Core\ScrumPokerClub.Core.csproj", "{125DC19C-E80E-4281-80D8-84B5AC199686}"
EndProject
Project("{2150E333-8FDC-42A3-9474-1A3956D46DE8}") = "Snowflake.Core", "Snowflake.Core", "{640B2E43-EAC8-4024-B27E-66B8006E994B}"
EndProject
Project("{FAE04EC0-301F-11D3-BF4B-00C04F79EFBC}") = "Snowflake.Core", "Snowflake.Core\Snowflake.Core\Snowflake.Core.csproj", "{266F3CD3-18AE-433D-80DC-00945C5247F9}"
EndProject
Global
	GlobalSection(SolutionConfigurationPlatforms) = preSolution
		Debug|Any CPU = Debug|Any CPU
		Debug|x64 = Debug|x64
		Debug|x86 = Debug|x86
		Release|Any CPU = Release|Any CPU
		Release|x64 = Release|x64
		Release|x86 = Release|x86
	EndGlobalSection
	GlobalSection(ProjectConfigurationPlatforms) = postSolution
		{CCB0BDBB-A13A-4DB2-A878-C74B6A3462A9}.Debug|Any CPU.ActiveCfg = Debug|Any CPU
		{CCB0BDBB-A13A-4DB2-A878-C74B6A3462A9}.Debug|Any CPU.Build.0 = Debug|Any CPU
		{CCB0BDBB-A13A-4DB2-A878-C74B6A3462A9}.Debug|x64.ActiveCfg = Debug|Any CPU
		{CCB0BDBB-A13A-4DB2-A878-C74B6A3462A9}.Debug|x64.Build.0 = Debug|Any CPU
		{CCB0BDBB-A13A-4DB2-A878-C74B6A3462A9}.Debug|x86.ActiveCfg = Debug|Any CPU
		{CCB0BDBB-A13A-4DB2-A878-C74B6A3462A9}.Debug|x86.Build.0 = Debug|Any CPU
		{CCB0BDBB-A13A-4DB2-A878-C74B6A3462A9}.Release|Any CPU.ActiveCfg = Release|Any CPU
		{CCB0BDBB-A13A-4DB2-A878-C74B6A3462A9}.Release|Any CPU.Build.0 = Release|Any CPU
		{CCB0BDBB-A13A-4DB2-A878-C74B6A3462A9}.Release|x64.ActiveCfg = Release|Any CPU
		{CCB0BDBB-A13A-4DB2-A878-C74B6A3462A9}.Release|x64.Build.0 = Release|Any CPU
		{CCB0BDBB-A13A-4DB2-A878-C74B6A3462A9}.Release|x86.ActiveCfg = Release|Any CPU
		{CCB0BDBB-A13A-4DB2-A878-C74B6A3462A9}.Release|x86.Build.0 = Release|Any CPU
		{125DC19C-E80E-4281-80D8-84B5AC199686}.Debug|Any CPU.ActiveCfg = Debug|Any CPU
		{125DC19C-E80E-4281-80D8-84B5AC199686}.Debug|Any CPU.Build.0 = Debug|Any CPU
		{125DC19C-E80E-4281-80D8-84B5AC199686}.Debug|x64.ActiveCfg = Debug|Any CPU
		{125DC19C-E80E-4281-80D8-84B5AC199686}.Debug|x64.Build.0 = Debug|Any CPU
		{125DC19C-E80E-4281-80D8-84B5AC199686}.Debug|x86.ActiveCfg = Debug|Any CPU
		{125DC19C-E80E-4281-80D8-84B5AC199686}.Debug|x86.Build.0 = Debug|Any CPU
		{125DC19C-E80E-4281-80D8-84B5AC199686}.Release|Any CPU.ActiveCfg = Release|Any CPU
		{125DC19C-E80E-4281-80D8-84B5AC199686}.Release|Any CPU.Build.0 = Release|Any CPU
		{125DC19C-E80E-4281-80D8-84B5AC199686}.Release|x64.ActiveCfg = Release|Any CPU
		{125DC19C-E80E-4281-80D8-84B5AC199686}.Release|x64.Build.0 = Release|Any CPU
		{125DC19C-E80E-4281-80D8-84B5AC199686}.Release|x86.ActiveCfg = Release|Any CPU
		{125DC19C-E80E-4281-80D8-84B5AC199686}.Release|x86.Build.0 = Release|Any CPU
		{266F3CD3-18AE-433D-80DC-00945C5247F9}.Debug|Any CPU.ActiveCfg = Debug|Any CPU
		{266F3CD3-18AE-433D-80DC-00945C5247F9}.Debug|Any CPU.Build.0 = Debug|Any CPU
		{266F3CD3-18AE-433D-80DC-00945C5247F9}.Debug|x64.ActiveCfg = Debug|Any CPU
		{266F3CD3-18AE-433D-80DC-00945C5247F9}.Debug|x64.Build.0 = Debug|Any CPU
		{266F3CD3-18AE-433D-80DC-00945C5247F9}.Debug|x86.ActiveCfg = Debug|Any CPU
		{266F3CD3-18AE-433D-80DC-00945C5247F9}.Debug|x86.Build.0 = Debug|Any CPU
		{266F3CD3-18AE-433D-80DC-00945C5247F9}.Release|Any CPU.ActiveCfg = Release|Any CPU
		{266F3CD3-18AE-433D-80DC-00945C5247F9}.Release|Any CPU.Build.0 = Release|Any CPU
		{266F3CD3-18AE-433D-80DC-00945C5247F9}.Release|x64.ActiveCfg = Release|Any CPU
		{266F3CD3-18AE-433D-80DC-00945C5247F9}.Release|x64.Build.0 = Release|Any CPU
		{266F3CD3-18AE-433D-80DC-00945C5247F9}.Release|x86.ActiveCfg = Release|Any CPU
		{266F3CD3-18AE-433D-80DC-00945C5247F9}.Release|x86.Build.0 = Release|Any CPU
	EndGlobalSection
	GlobalSection(SolutionProperties) = preSolution
		HideSolutionNode = FALSE
	EndGlobalSection
	GlobalSection(ExtensibilityGlobals) = postSolution
		SolutionGuid = {391A6E24-AA45-4067-A11E-F5C44C059A03}
	EndGlobalSection
	GlobalSection(NestedProjects) = preSolution
		{266F3CD3-18AE-433D-80DC-00945C5247F9} = {640B2E43-EAC8-4024-B27E-66B8006E994B}
	EndGlobalSection
EndGlobal
